// !$*UTF8*$!
{
	archiveVersion = 1;
	classes = {
	};
	objectVersion = 50;
	objects = {

/* Begin PBXBuildFile section */
		D7A70296226791CD00EF2903 /* AppDelegate.swift in Sources */ = {isa = PBXBuildFile; fileRef = D7A70295226791CD00EF2903 /* AppDelegate.swift */; };
		D7A70298226791CD00EF2903 /* NYCSchoolHomeViewController.swift in Sources */ = {isa = PBXBuildFile; fileRef = D7A70297226791CD00EF2903 /* NYCSchoolHomeViewController.swift */; };
		D7A7029B226791CD00EF2903 /* Main.storyboard in Resources */ = {isa = PBXBuildFile; fileRef = D7A70299226791CD00EF2903 /* Main.storyboard */; };
		D7A7029D226791CE00EF2903 /* Assets.xcassets in Resources */ = {isa = PBXBuildFile; fileRef = D7A7029C226791CE00EF2903 /* Assets.xcassets */; };
		D7A702A0226791CE00EF2903 /* LaunchScreen.storyboard in Resources */ = {isa = PBXBuildFile; fileRef = D7A7029E226791CE00EF2903 /* LaunchScreen.storyboard */; };
		D7A702AB226791CE00EF2903 /* _0190417_SudhirKumar_NYCSchoolsTests.swift in Sources */ = {isa = PBXBuildFile; fileRef = D7A702AA226791CE00EF2903 /* _0190417_SudhirKumar_NYCSchoolsTests.swift */; };
		D7A702C52267AE2200EF2903 /* NYCSchoolDataModel.swift in Sources */ = {isa = PBXBuildFile; fileRef = D7A702C42267AE2200EF2903 /* NYCSchoolDataModel.swift */; };
		D7A702C82267B04A00EF2903 /* NYCSchoolNetworkProvider.swift in Sources */ = {isa = PBXBuildFile; fileRef = D7A702C72267B04A00EF2903 /* NYCSchoolNetworkProvider.swift */; };
		D7A702CA2267B19800EF2903 /* NYCSchoolNetworkProviderTests.swift in Sources */ = {isa = PBXBuildFile; fileRef = D7A702C92267B19800EF2903 /* NYCSchoolNetworkProviderTests.swift */; };
		D7A702D32267DB2000EF2903 /* NYCSchoolDataProvider.swift in Sources */ = {isa = PBXBuildFile; fileRef = D7A702D22267DB2000EF2903 /* NYCSchoolDataProvider.swift */; };
		D7A702D52267DB3200EF2903 /* NYCSchoolDataProviderTests.swift in Sources */ = {isa = PBXBuildFile; fileRef = D7A702D42267DB3200EF2903 /* NYCSchoolDataProviderTests.swift */; };
/* End PBXBuildFile section */

/* Begin PBXContainerItemProxy section */
		D7A702A7226791CE00EF2903 /* PBXContainerItemProxy */ = {
			isa = PBXContainerItemProxy;
			containerPortal = D7A7028A226791CD00EF2903 /* Project object */;
			proxyType = 1;
			remoteGlobalIDString = D7A70291226791CD00EF2903;
			remoteInfo = "20190417-SudhirKumar-NYCSchools";
		};
/* End PBXContainerItemProxy section */

/* Begin PBXFileReference section */
		D7A70292226791CD00EF2903 /* 20190417-SudhirKumar-NYCSchools.app */ = {isa = PBXFileReference; explicitFileType = wrapper.application; includeInIndex = 0; path = "20190417-SudhirKumar-NYCSchools.app"; sourceTree = BUILT_PRODUCTS_DIR; };
		D7A70295226791CD00EF2903 /* AppDelegate.swift */ = {isa = PBXFileReference; lastKnownFileType = sourcecode.swift; path = AppDelegate.swift; sourceTree = "<group>"; };
		D7A70297226791CD00EF2903 /* NYCSchoolHomeViewController.swift */ = {isa = PBXFileReference; lastKnownFileType = sourcecode.swift; path = NYCSchoolHomeViewController.swift; sourceTree = "<group>"; };
		D7A7029A226791CD00EF2903 /* Base */ = {isa = PBXFileReference; lastKnownFileType = file.storyboard; name = Base; path = Base.lproj/Main.storyboard; sourceTree = "<group>"; };
		D7A7029C226791CE00EF2903 /* Assets.xcassets */ = {isa = PBXFileReference; lastKnownFileType = folder.assetcatalog; path = Assets.xcassets; sourceTree = "<group>"; };
		D7A7029F226791CE00EF2903 /* Base */ = {isa = PBXFileReference; lastKnownFileType = file.storyboard; name = Base; path = Base.lproj/LaunchScreen.storyboard; sourceTree = "<group>"; };
		D7A702A1226791CE00EF2903 /* Info.plist */ = {isa = PBXFileReference; lastKnownFileType = text.plist.xml; path = Info.plist; sourceTree = "<group>"; };
		D7A702A6226791CE00EF2903 /* 20190417-SudhirKumar-NYCSchoolsTests.xctest */ = {isa = PBXFileReference; explicitFileType = wrapper.cfbundle; includeInIndex = 0; path = "20190417-SudhirKumar-NYCSchoolsTests.xctest"; sourceTree = BUILT_PRODUCTS_DIR; };
		D7A702AA226791CE00EF2903 /* _0190417_SudhirKumar_NYCSchoolsTests.swift */ = {isa = PBXFileReference; lastKnownFileType = sourcecode.swift; path = _0190417_SudhirKumar_NYCSchoolsTests.swift; sourceTree = "<group>"; };
		D7A702AC226791CE00EF2903 /* Info.plist */ = {isa = PBXFileReference; lastKnownFileType = text.plist.xml; path = Info.plist; sourceTree = "<group>"; };
		D7A702C42267AE2200EF2903 /* NYCSchoolDataModel.swift */ = {isa = PBXFileReference; lastKnownFileType = sourcecode.swift; path = NYCSchoolDataModel.swift; sourceTree = "<group>"; };
		D7A702C72267B04A00EF2903 /* NYCSchoolNetworkProvider.swift */ = {isa = PBXFileReference; lastKnownFileType = sourcecode.swift; path = NYCSchoolNetworkProvider.swift; sourceTree = "<group>"; };
		D7A702C92267B19800EF2903 /* NYCSchoolNetworkProviderTests.swift */ = {isa = PBXFileReference; lastKnownFileType = sourcecode.swift; path = NYCSchoolNetworkProviderTests.swift; sourceTree = "<group>"; };
		D7A702D22267DB2000EF2903 /* NYCSchoolDataProvider.swift */ = {isa = PBXFileReference; lastKnownFileType = sourcecode.swift; path = NYCSchoolDataProvider.swift; sourceTree = "<group>"; };
		D7A702D42267DB3200EF2903 /* NYCSchoolDataProviderTests.swift */ = {isa = PBXFileReference; lastKnownFileType = sourcecode.swift; path = NYCSchoolDataProviderTests.swift; sourceTree = "<group>"; };
/* End PBXFileReference section */

/* Begin PBXFrameworksBuildPhase section */
		D7A7028F226791CD00EF2903 /* Frameworks */ = {
			isa = PBXFrameworksBuildPhase;
			buildActionMask = 2147483647;
			files = (
			);
			runOnlyForDeploymentPostprocessing = 0;
		};
		D7A702A3226791CE00EF2903 /* Frameworks */ = {
			isa = PBXFrameworksBuildPhase;
			buildActionMask = 2147483647;
			files = (
			);
			runOnlyForDeploymentPostprocessing = 0;
		};
/* End PBXFrameworksBuildPhase section */

/* Begin PBXGroup section */
		D7A70289226791CD00EF2903 = {
			isa = PBXGroup;
			children = (
				D7A70294226791CD00EF2903 /* 20190417-SudhirKumar-NYCSchools */,
				D7A702A9226791CE00EF2903 /* 20190417-SudhirKumar-NYCSchoolsTests */,
				D7A70293226791CD00EF2903 /* Products */,
			);
			sourceTree = "<group>";
		};
		D7A70293226791CD00EF2903 /* Products */ = {
			isa = PBXGroup;
			children = (
				D7A70292226791CD00EF2903 /* 20190417-SudhirKumar-NYCSchools.app */,
				D7A702A6226791CE00EF2903 /* 20190417-SudhirKumar-NYCSchoolsTests.xctest */,
			);
			name = Products;
			sourceTree = "<group>";
		};
		D7A70294226791CD00EF2903 /* 20190417-SudhirKumar-NYCSchools */ = {
			isa = PBXGroup;
			children = (
				D7A702CC2267D92000EF2903 /* NYCSchoolDirectory */,
				D7A702C62267B02800EF2903 /* Networking */,
				D7A70295226791CD00EF2903 /* AppDelegate.swift */,
				D7A70297226791CD00EF2903 /* NYCSchoolHomeViewController.swift */,
				D7A70299226791CD00EF2903 /* Main.storyboard */,
				D7A7029C226791CE00EF2903 /* Assets.xcassets */,
				D7A7029E226791CE00EF2903 /* LaunchScreen.storyboard */,
				D7A702A1226791CE00EF2903 /* Info.plist */,
				D7A702C42267AE2200EF2903 /* NYCSchoolDataModel.swift */,
			);
			path = "20190417-SudhirKumar-NYCSchools";
			sourceTree = "<group>";
		};
		D7A702A9226791CE00EF2903 /* 20190417-SudhirKumar-NYCSchoolsTests */ = {
			isa = PBXGroup;
			children = (
				D7A702AA226791CE00EF2903 /* _0190417_SudhirKumar_NYCSchoolsTests.swift */,
				D7A702AC226791CE00EF2903 /* Info.plist */,
				D7A702C92267B19800EF2903 /* NYCSchoolNetworkProviderTests.swift */,
				D7A702D42267DB3200EF2903 /* NYCSchoolDataProviderTests.swift */,
			);
			path = "20190417-SudhirKumar-NYCSchoolsTests";
			sourceTree = "<group>";
		};
		D7A702C62267B02800EF2903 /* Networking */ = {
			isa = PBXGroup;
			children = (
				D7A702C72267B04A00EF2903 /* NYCSchoolNetworkProvider.swift */,
			);
			name = Networking;
			sourceTree = "<group>";
		};
		D7A702CC2267D92000EF2903 /* NYCSchoolDirectory */ = {
			isa = PBXGroup;
			children = (
				D7A702D22267DB2000EF2903 /* NYCSchoolDataProvider.swift */,
			);
			name = NYCSchoolDirectory;
			sourceTree = "<group>";
		};
/* End PBXGroup section */

/* Begin PBXNativeTarget section */
		D7A70291226791CD00EF2903 /* 20190417-SudhirKumar-NYCSchools */ = {
			isa = PBXNativeTarget;
			buildConfigurationList = D7A702AF226791CE00EF2903 /* Build configuration list for PBXNativeTarget "20190417-SudhirKumar-NYCSchools" */;
			buildPhases = (
				D7A7028E226791CD00EF2903 /* Sources */,
				D7A7028F226791CD00EF2903 /* Frameworks */,
				D7A70290226791CD00EF2903 /* Resources */,
			);
			buildRules = (
			);
			dependencies = (
			);
			name = "20190417-SudhirKumar-NYCSchools";
			productName = "20190417-SudhirKumar-NYCSchools";
			productReference = D7A70292226791CD00EF2903 /* 20190417-SudhirKumar-NYCSchools.app */;
			productType = "com.apple.product-type.application";
		};
		D7A702A5226791CE00EF2903 /* 20190417-SudhirKumar-NYCSchoolsTests */ = {
			isa = PBXNativeTarget;
			buildConfigurationList = D7A702B2226791CE00EF2903 /* Build configuration list for PBXNativeTarget "20190417-SudhirKumar-NYCSchoolsTests" */;
			buildPhases = (
				D7A702A2226791CE00EF2903 /* Sources */,
				D7A702A3226791CE00EF2903 /* Frameworks */,
				D7A702A4226791CE00EF2903 /* Resources */,
			);
			buildRules = (
			);
			dependencies = (
				D7A702A8226791CE00EF2903 /* PBXTargetDependency */,
			);
			name = "20190417-SudhirKumar-NYCSchoolsTests";
			productName = "20190417-SudhirKumar-NYCSchoolsTests";
			productReference = D7A702A6226791CE00EF2903 /* 20190417-SudhirKumar-NYCSchoolsTests.xctest */;
			productType = "com.apple.product-type.bundle.unit-test";
		};
/* End PBXNativeTarget section */

/* Begin PBXProject section */
		D7A7028A226791CD00EF2903 /* Project object */ = {
			isa = PBXProject;
			attributes = {
				LastSwiftUpdateCheck = 1020;
				LastUpgradeCheck = 1020;
				ORGANIZATIONNAME = "Sudhir Kumar";
				TargetAttributes = {
					D7A70291226791CD00EF2903 = {
						CreatedOnToolsVersion = 10.2;
					};
					D7A702A5226791CE00EF2903 = {
						CreatedOnToolsVersion = 10.2;
						TestTargetID = D7A70291226791CD00EF2903;
					};
				};
			};
			buildConfigurationList = D7A7028D226791CD00EF2903 /* Build configuration list for PBXProject "20190417-SudhirKumar-NYCSchools" */;
			compatibilityVersion = "Xcode 9.3";
			developmentRegion = en;
			hasScannedForEncodings = 0;
			knownRegions = (
				en,
				Base,
			);
			mainGroup = D7A70289226791CD00EF2903;
			productRefGroup = D7A70293226791CD00EF2903 /* Products */;
			projectDirPath = "";
			projectRoot = "";
			targets = (
				D7A70291226791CD00EF2903 /* 20190417-SudhirKumar-NYCSchools */,
				D7A702A5226791CE00EF2903 /* 20190417-SudhirKumar-NYCSchoolsTests */,
			);
		};
/* End PBXProject section */

/* Begin PBXResourcesBuildPhase section */
		D7A70290226791CD00EF2903 /* Resources */ = {
			isa = PBXResourcesBuildPhase;
			buildActionMask = 2147483647;
			files = (
				D7A702A0226791CE00EF2903 /* LaunchScreen.storyboard in Resources */,
				D7A7029D226791CE00EF2903 /* Assets.xcassets in Resources */,
				D7A7029B226791CD00EF2903 /* Main.storyboard in Resources */,
			);
			runOnlyForDeploymentPostprocessing = 0;
		};
		D7A702A4226791CE00EF2903 /* Resources */ = {
			isa = PBXResourcesBuildPhase;
			buildActionMask = 2147483647;
			files = (
			);
			runOnlyForDeploymentPostprocessing = 0;
		};
/* End PBXResourcesBuildPhase section */

/* Begin PBXSourcesBuildPhase section */
		D7A7028E226791CD00EF2903 /* Sources */ = {
			isa = PBXSourcesBuildPhase;
			buildActionMask = 2147483647;
			files = (
				D7A702D32267DB2000EF2903 /* NYCSchoolDataProvider.swift in Sources */,
				D7A702C52267AE2200EF2903 /* NYCSchoolDataModel.swift in Sources */,
				D7A70298226791CD00EF2903 /* NYCSchoolHomeViewController.swift in Sources */,
				D7A702C82267B04A00EF2903 /* NYCSchoolNetworkProvider.swift in Sources */,
				D7A70296226791CD00EF2903 /* AppDelegate.swift in Sources */,
			);
			runOnlyForDeploymentPostprocessing = 0;
		};
		D7A702A2226791CE00EF2903 /* Sources */ = {
			isa = PBXSourcesBuildPhase;
			buildActionMask = 2147483647;
			files = (
				D7A702CA2267B19800EF2903 /* NYCSchoolNetworkProviderTests.swift in Sources */,
				D7A702AB226791CE00EF2903 /* _0190417_SudhirKumar_NYCSchoolsTests.swift in Sources */,
				D7A702D52267DB3200EF2903 /* NYCSchoolDataProviderTests.swift in Sources */,
			);
			runOnlyForDeploymentPostprocessing = 0;
		};
/* End PBXSourcesBuildPhase section */

/* Begin PBXTargetDependency section */
		D7A702A8226791CE00EF2903 /* PBXTargetDependency */ = {
			isa = PBXTargetDependency;
			target = D7A70291226791CD00EF2903 /* 20190417-SudhirKumar-NYCSchools */;
			targetProxy = D7A702A7226791CE00EF2903 /* PBXContainerItemProxy */;
		};
/* End PBXTargetDependency section */

/* Begin PBXVariantGroup section */
		D7A70299226791CD00EF2903 /* Main.storyboard */ = {
			isa = PBXVariantGroup;
			children = (
				D7A7029A226791CD00EF2903 /* Base */,
			);
			name = Main.storyboard;
			sourceTree = "<group>";
		};
		D7A7029E226791CE00EF2903 /* LaunchScreen.storyboard */ = {
			isa = PBXVariantGroup;
			children = (
				D7A7029F226791CE00EF2903 /* Base */,
			);
			name = LaunchScreen.storyboard;
			sourceTree = "<group>";
		};
/* End PBXVariantGroup section */

/* Begin XCBuildConfiguration section */
		D7A702AD226791CE00EF2903 /* Debug */ = {
			isa = XCBuildConfiguration;
			buildSettings = {
				ALWAYS_SEARCH_USER_PATHS = NO;
				CLANG_ANALYZER_NONNULL = YES;
				CLANG_ANALYZER_NUMBER_OBJECT_CONVERSION = YES_AGGRESSIVE;
				CLANG_CXX_LANGUAGE_STANDARD = "gnu++14";
				CLANG_CXX_LIBRARY = "libc++";
				CLANG_ENABLE_MODULES = YES;
				CLANG_ENABLE_OBJC_ARC = YES;
				CLANG_ENABLE_OBJC_WEAK = YES;
				CLANG_WARN_BLOCK_CAPTURE_AUTORELEASING = YES;
				CLANG_WARN_BOOL_CONVERSION = YES;
				CLANG_WARN_COMMA = YES;
				CLANG_WARN_CONSTANT_CONVERSION = YES;
				CLANG_WARN_DEPRECATED_OBJC_IMPLEMENTATIONS = YES;
				CLANG_WARN_DIRECT_OBJC_ISA_USAGE = YES_ERROR;
				CLANG_WARN_DOCUMENTATION_COMMENTS = YES;
				CLANG_WARN_EMPTY_BODY = YES;
				CLANG_WARN_ENUM_CONVERSION = YES;
				CLANG_WARN_INFINITE_RECURSION = YES;
				CLANG_WARN_INT_CONVERSION = YES;
				CLANG_WARN_NON_LITERAL_NULL_CONVERSION = YES;
				CLANG_WARN_OBJC_IMPLICIT_RETAIN_SELF = YES;
				CLANG_WARN_OBJC_LITERAL_CONVERSION = YES;
				CLANG_WARN_OBJC_ROOT_CLASS = YES_ERROR;
				CLANG_WARN_RANGE_LOOP_ANALYSIS = YES;
				CLANG_WARN_STRICT_PROTOTYPES = YES;
				CLANG_WARN_SUSPICIOUS_MOVE = YES;
				CLANG_WARN_UNGUARDED_AVAILABILITY = YES_AGGRESSIVE;
				CLANG_WARN_UNREACHABLE_CODE = YES;
				CLANG_WARN__DUPLICATE_METHOD_MATCH = YES;
				CODE_SIGN_IDENTITY = "iPhone Developer";
				COPY_PHASE_STRIP = NO;
				DEBUG_INFORMATION_FORMAT = dwarf;
				ENABLE_STRICT_OBJC_MSGSEND = YES;
				ENABLE_TESTABILITY = YES;
				GCC_C_LANGUAGE_STANDARD = gnu11;
				GCC_DYNAMIC_NO_PIC = NO;
				GCC_NO_COMMON_BLOCKS = YES;
				GCC_OPTIMIZATION_LEVEL = 0;
				GCC_PREPROCESSOR_DEFINITIONS = (
					"DEBUG=1",
					"$(inherited)",
				);
				GCC_WARN_64_TO_32_BIT_CONVERSION = YES;
				GCC_WARN_ABOUT_RETURN_TYPE = YES_ERROR;
				GCC_WARN_UNDECLARED_SELECTOR = YES;
				GCC_WARN_UNINITIALIZED_AUTOS = YES_AGGRESSIVE;
				GCC_WARN_UNUSED_FUNCTION = YES;
				GCC_WARN_UNUSED_VARIABLE = YES;
				IPHONEOS_DEPLOYMENT_TARGET = 12.2;
				MTL_ENABLE_DEBUG_INFO = INCLUDE_SOURCE;
				MTL_FAST_MATH = YES;
				ONLY_ACTIVE_ARCH = YES;
				SDKROOT = iphoneos;
				SWIFT_ACTIVE_COMPILATION_CONDITIONS = DEBUG;
				SWIFT_OPTIMIZATION_LEVEL = "-Onone";
			};
			name = Debug;
		};
		D7A702AE226791CE00EF2903 /* Release */ = {
			isa = XCBuildConfiguration;
			buildSettings = {
				ALWAYS_SEARCH_USER_PATHS = NO;
				CLANG_ANALYZER_NONNULL = YES;
				CLANG_ANALYZER_NUMBER_OBJECT_CONVERSION = YES_AGGRESSIVE;
				CLANG_CXX_LANGUAGE_STANDARD = "gnu++14";
				CLANG_CXX_LIBRARY = "libc++";
				CLANG_ENABLE_MODULES = YES;
				CLANG_ENABLE_OBJC_ARC = YES;
				CLANG_ENABLE_OBJC_WEAK = YES;
				CLANG_WARN_BLOCK_CAPTURE_AUTORELEASING = YES;
				CLANG_WARN_BOOL_CONVERSION = YES;
				CLANG_WARN_COMMA = YES;
				CLANG_WARN_CONSTANT_CONVERSION = YES;
				CLANG_WARN_DEPRECATED_OBJC_IMPLEMENTATIONS = YES;
				CLANG_WARN_DIRECT_OBJC_ISA_USAGE = YES_ERROR;
				CLANG_WARN_DOCUMENTATION_COMMENTS = YES;
				CLANG_WARN_EMPTY_BODY = YES;
				CLANG_WARN_ENUM_CONVERSION = YES;
				CLANG_WARN_INFINITE_RECURSION = YES;
				CLANG_WARN_INT_CONVERSION = YES;
				CLANG_WARN_NON_LITERAL_NULL_CONVERSION = YES;
				CLANG_WARN_OBJC_IMPLICIT_RETAIN_SELF = YES;
				CLANG_WARN_OBJC_LITERAL_CONVERSION = YES;
				CLANG_WARN_OBJC_ROOT_CLASS = YES_ERROR;
				CLANG_WARN_RANGE_LOOP_ANALYSIS = YES;
				CLANG_WARN_STRICT_PROTOTYPES = YES;
				CLANG_WARN_SUSPICIOUS_MOVE = YES;
				CLANG_WARN_UNGUARDED_AVAILABILITY = YES_AGGRESSIVE;
				CLANG_WARN_UNREACHABLE_CODE = YES;
				CLANG_WARN__DUPLICATE_METHOD_MATCH = YES;
				CODE_SIGN_IDENTITY = "iPhone Developer";
				COPY_PHASE_STRIP = NO;
				DEBUG_INFORMATION_FORMAT = "dwarf-with-dsym";
				ENABLE_NS_ASSERTIONS = NO;
				ENABLE_STRICT_OBJC_MSGSEND = YES;
				GCC_C_LANGUAGE_STANDARD = gnu11;
				GCC_NO_COMMON_BLOCKS = YES;
				GCC_WARN_64_TO_32_BIT_CONVERSION = YES;
				GCC_WARN_ABOUT_RETURN_TYPE = YES_ERROR;
				GCC_WARN_UNDECLARED_SELECTOR = YES;
				GCC_WARN_UNINITIALIZED_AUTOS = YES_AGGRESSIVE;
				GCC_WARN_UNUSED_FUNCTION = YES;
				GCC_WARN_UNUSED_VARIABLE = YES;
				IPHONEOS_DEPLOYMENT_TARGET = 12.2;
				MTL_ENABLE_DEBUG_INFO = NO;
				MTL_FAST_MATH = YES;
				SDKROOT = iphoneos;
				SWIFT_COMPILATION_MODE = wholemodule;
				SWIFT_OPTIMIZATION_LEVEL = "-O";
				VALIDATE_PRODUCT = YES;
			};
			name = Release;
		};
		D7A702B0226791CE00EF2903 /* Debug */ = {
			isa = XCBuildConfiguration;
			buildSettings = {
				ASSETCATALOG_COMPILER_APPICON_NAME = AppIcon;
				CODE_SIGN_STYLE = Automatic;
				INFOPLIST_FILE = "20190417-SudhirKumar-NYCSchools/Info.plist";
				LD_RUNPATH_SEARCH_PATHS = (
					"$(inherited)",
					"@executable_path/Frameworks",
				);
				PRODUCT_BUNDLE_IDENTIFIER = "skumar.-0190417-SudhirKumar-NYCSchools";
				PRODUCT_NAME = "$(TARGET_NAME)";
				SWIFT_VERSION = 5.0;
				TARGETED_DEVICE_FAMILY = "1,2";
			};
			name = Debug;
		};
		D7A702B1226791CE00EF2903 /* Release */ = {
			isa = XCBuildConfiguration;
			buildSettings = {
				ASSETCATALOG_COMPILER_APPICON_NAME = AppIcon;
				CODE_SIGN_STYLE = Automatic;
				INFOPLIST_FILE = "20190417-SudhirKumar-NYCSchools/Info.plist";
				LD_RUNPATH_SEARCH_PATHS = (
					"$(inherited)",
					"@executable_path/Frameworks",
				);
				PRODUCT_BUNDLE_IDENTIFIER = "skumar.-0190417-SudhirKumar-NYCSchools";
				PRODUCT_NAME = "$(TARGET_NAME)";
				SWIFT_VERSION = 5.0;
				TARGETED_DEVICE_FAMILY = "1,2";
			};
			name = Release;
		};
		D7A702B3226791CE00EF2903 /* Debug */ = {
			isa = XCBuildConfiguration;
			buildSettings = {
				ALWAYS_EMBED_SWIFT_STANDARD_LIBRARIES = YES;
				BUNDLE_LOADER = "$(TEST_HOST)";
				CODE_SIGN_STYLE = Automatic;
				INFOPLIST_FILE = "20190417-SudhirKumar-NYCSchoolsTests/Info.plist";
				LD_RUNPATH_SEARCH_PATHS = (
					"$(inherited)",
					"@executable_path/Frameworks",
					"@loader_path/Frameworks",
				);
				PRODUCT_BUNDLE_IDENTIFIER = "skumar.-0190417-SudhirKumar-NYCSchoolsTests";
				PRODUCT_NAME = "$(TARGET_NAME)";
				SWIFT_VERSION = 5.0;
				TARGETED_DEVICE_FAMILY = "1,2";
				TEST_HOST = "$(BUILT_PRODUCTS_DIR)/20190417-SudhirKumar-NYCSchools.app/20190417-SudhirKumar-NYCSchools";
			};
			name = Debug;
		};
		D7A702B4226791CE00EF2903 /* Release */ = {
			isa = XCBuildConfiguration;
			buildSettings = {
				ALWAYS_EMBED_SWIFT_STANDARD_LIBRARIES = YES;
				BUNDLE_LOADER = "$(TEST_HOST)";
				CODE_SIGN_STYLE = Automatic;
				INFOPLIST_FILE = "20190417-SudhirKumar-NYCSchoolsTests/Info.plist";
				LD_RUNPATH_SEARCH_PATHS = (
					"$(inherited)",
					"@executable_path/Frameworks",
					"@loader_path/Frameworks",
				);
				PRODUCT_BUNDLE_IDENTIFIER = "skumar.-0190417-SudhirKumar-NYCSchoolsTests";
				PRODUCT_NAME = "$(TARGET_NAME)";
				SWIFT_VERSION = 5.0;
				TARGETED_DEVICE_FAMILY = "1,2";
				TEST_HOST = "$(BUILT_PRODUCTS_DIR)/20190417-SudhirKumar-NYCSchools.app/20190417-SudhirKumar-NYCSchools";
			};
			name = Release;
		};
/* End XCBuildConfiguration section */

/* Begin XCConfigurationList section */
		D7A7028D226791CD00EF2903 /* Build configuration list for PBXProject "20190417-SudhirKumar-NYCSchools" */ = {
			isa = XCConfigurationList;
			buildConfigurations = (
				D7A702AD226791CE00EF2903 /* Debug */,
				D7A702AE226791CE00EF2903 /* Release */,
			);
			defaultConfigurationIsVisible = 0;
			defaultConfigurationName = Release;
		};
		D7A702AF226791CE00EF2903 /* Build configuration list for PBXNativeTarget "20190417-SudhirKumar-NYCSchools" */ = {
			isa = XCConfigurationList;
			buildConfigurations = (
				D7A702B0226791CE00EF2903 /* Debug */,
				D7A702B1226791CE00EF2903 /* Release */,
			);
			defaultConfigurationIsVisible = 0;
			defaultConfigurationName = Release;
		};
		D7A702B2226791CE00EF2903 /* Build configuration list for PBXNativeTarget "20190417-SudhirKumar-NYCSchoolsTests" */ = {
			isa = XCConfigurationList;
			buildConfigurations = (
				D7A702B3226791CE00EF2903 /* Debug */,
				D7A702B4226791CE00EF2903 /* Release */,
			);
			defaultConfigurationIsVisible = 0;
			defaultConfigurationName = Release;
		};
/* End XCConfigurationList section */
	};
	rootObject = D7A7028A226791CD00EF2903 /* Project object */;
}
